{
  "nodes": {
    "nixpkgs": {
      "locked": {
        "lastModified": 1634282420,
        "narHash": "sha256-YOI78SSF4Q/ZFoEgfO8Xy3EnjCW/F9VgB2Qz9YljzhI=",
        "owner": "nixos",
        "repo": "nixpkgs",
        "rev": "0a68ef410b40f49de76aecb5c8b5cc5111bac91d",
        "type": "github"
      },
      "original": {
        "owner": "nixos",
        "repo": "nixpkgs",
        "type": "github"
      }
    },
    "root": {
      "inputs": {
        "nixpkgs": "nixpkgs"
      }
    }
  },
  "root": "root",
  "version": 7
}
